// !$*UTF8*$!
{
	archiveVersion = 1;
	classes = {
	};
	objectVersion = 50;
	objects = {

/* Begin PBXBuildFile section */
		184CAF9422DE1CAE002124B1 /* AppDelegate.swift in Sources */ = {isa = PBXBuildFile; fileRef = 184CAF9322DE1CAE002124B1 /* AppDelegate.swift */; };
		184CAF9622DE1CAE002124B1 /* ViewController.swift in Sources */ = {isa = PBXBuildFile; fileRef = 184CAF9522DE1CAE002124B1 /* ViewController.swift */; };
		184CAF9922DE1CAE002124B1 /* Main.storyboard in Resources */ = {isa = PBXBuildFile; fileRef = 184CAF9722DE1CAE002124B1 /* Main.storyboard */; };
		184CAF9C22DE1CAE002124B1 /* viewFinder.xcdatamodeld in Sources */ = {isa = PBXBuildFile; fileRef = 184CAF9A22DE1CAE002124B1 /* viewFinder.xcdatamodeld */; };
		184CAF9E22DE1CAF002124B1 /* Assets.xcassets in Resources */ = {isa = PBXBuildFile; fileRef = 184CAF9D22DE1CAF002124B1 /* Assets.xcassets */; };
		184CAFA122DE1CAF002124B1 /* LaunchScreen.storyboard in Resources */ = {isa = PBXBuildFile; fileRef = 184CAF9F22DE1CAF002124B1 /* LaunchScreen.storyboard */; };
		184CAFAC22DE1CAF002124B1 /* viewFinderTests.swift in Sources */ = {isa = PBXBuildFile; fileRef = 184CAFAB22DE1CAF002124B1 /* viewFinderTests.swift */; };
		184CAFB722DE1CAF002124B1 /* viewFinderUITests.swift in Sources */ = {isa = PBXBuildFile; fileRef = 184CAFB622DE1CAF002124B1 /* viewFinderUITests.swift */; };
/* End PBXBuildFile section */

/* Begin PBXContainerItemProxy section */
		184CAFA822DE1CAF002124B1 /* PBXContainerItemProxy */ = {
			isa = PBXContainerItemProxy;
			containerPortal = 184CAF8822DE1CAE002124B1 /* Project object */;
			proxyType = 1;
			remoteGlobalIDString = 184CAF8F22DE1CAE002124B1;
			remoteInfo = viewFinder;
		};
		184CAFB322DE1CAF002124B1 /* PBXContainerItemProxy */ = {
			isa = PBXContainerItemProxy;
			containerPortal = 184CAF8822DE1CAE002124B1 /* Project object */;
			proxyType = 1;
			remoteGlobalIDString = 184CAF8F22DE1CAE002124B1;
			remoteInfo = viewFinder;
		};
/* End PBXContainerItemProxy section */

/* Begin PBXFileReference section */
		184CAF9022DE1CAE002124B1 /* viewFinder.app */ = {isa = PBXFileReference; explicitFileType = wrapper.application; includeInIndex = 0; path = viewFinder.app; sourceTree = BUILT_PRODUCTS_DIR; };
		184CAF9322DE1CAE002124B1 /* AppDelegate.swift */ = {isa = PBXFileReference; lastKnownFileType = sourcecode.swift; path = AppDelegate.swift; sourceTree = "<group>"; };
		184CAF9522DE1CAE002124B1 /* ViewController.swift */ = {isa = PBXFileReference; lastKnownFileType = sourcecode.swift; path = ViewController.swift; sourceTree = "<group>"; };
		184CAF9822DE1CAE002124B1 /* Base */ = {isa = PBXFileReference; lastKnownFileType = file.storyboard; name = Base; path = Base.lproj/Main.storyboard; sourceTree = "<group>"; };
		184CAF9B22DE1CAE002124B1 /* viewFinder.xcdatamodel */ = {isa = PBXFileReference; lastKnownFileType = wrapper.xcdatamodel; path = viewFinder.xcdatamodel; sourceTree = "<group>"; };
		184CAF9D22DE1CAF002124B1 /* Assets.xcassets */ = {isa = PBXFileReference; lastKnownFileType = folder.assetcatalog; path = Assets.xcassets; sourceTree = "<group>"; };
		184CAFA022DE1CAF002124B1 /* Base */ = {isa = PBXFileReference; lastKnownFileType = file.storyboard; name = Base; path = Base.lproj/LaunchScreen.storyboard; sourceTree = "<group>"; };
		184CAFA222DE1CAF002124B1 /* Info.plist */ = {isa = PBXFileReference; lastKnownFileType = text.plist.xml; path = Info.plist; sourceTree = "<group>"; };
		184CAFA722DE1CAF002124B1 /* viewFinderTests.xctest */ = {isa = PBXFileReference; explicitFileType = wrapper.cfbundle; includeInIndex = 0; path = viewFinderTests.xctest; sourceTree = BUILT_PRODUCTS_DIR; };
		184CAFAB22DE1CAF002124B1 /* viewFinderTests.swift */ = {isa = PBXFileReference; lastKnownFileType = sourcecode.swift; path = viewFinderTests.swift; sourceTree = "<group>"; };
		184CAFAD22DE1CAF002124B1 /* Info.plist */ = {isa = PBXFileReference; lastKnownFileType = text.plist.xml; path = Info.plist; sourceTree = "<group>"; };
		184CAFB222DE1CAF002124B1 /* viewFinderUITests.xctest */ = {isa = PBXFileReference; explicitFileType = wrapper.cfbundle; includeInIndex = 0; path = viewFinderUITests.xctest; sourceTree = BUILT_PRODUCTS_DIR; };
		184CAFB622DE1CAF002124B1 /* viewFinderUITests.swift */ = {isa = PBXFileReference; lastKnownFileType = sourcecode.swift; path = viewFinderUITests.swift; sourceTree = "<group>"; };
		184CAFB822DE1CAF002124B1 /* Info.plist */ = {isa = PBXFileReference; lastKnownFileType = text.plist.xml; path = Info.plist; sourceTree = "<group>"; };
/* End PBXFileReference section */

/* Begin PBXFrameworksBuildPhase section */
		184CAF8D22DE1CAE002124B1 /* Frameworks */ = {
			isa = PBXFrameworksBuildPhase;
			buildActionMask = 2147483647;
			files = (
			);
			runOnlyForDeploymentPostprocessing = 0;
		};
		184CAFA422DE1CAF002124B1 /* Frameworks */ = {
			isa = PBXFrameworksBuildPhase;
			buildActionMask = 2147483647;
			files = (
			);
			runOnlyForDeploymentPostprocessing = 0;
		};
		184CAFAF22DE1CAF002124B1 /* Frameworks */ = {
			isa = PBXFrameworksBuildPhase;
			buildActionMask = 2147483647;
			files = (
			);
			runOnlyForDeploymentPostprocessing = 0;
		};
/* End PBXFrameworksBuildPhase section */

/* Begin PBXGroup section */
		184CAF8722DE1CAE002124B1 = {
			isa = PBXGroup;
			children = (
				184CAF9222DE1CAE002124B1 /* viewFinder */,
				184CAFAA22DE1CAF002124B1 /* viewFinderTests */,
				184CAFB522DE1CAF002124B1 /* viewFinderUITests */,
				184CAF9122DE1CAE002124B1 /* Products */,
			);
			sourceTree = "<group>";
		};
		184CAF9122DE1CAE002124B1 /* Products */ = {
			isa = PBXGroup;
			children = (
				184CAF9022DE1CAE002124B1 /* viewFinder.app */,
				184CAFA722DE1CAF002124B1 /* viewFinderTests.xctest */,
				184CAFB222DE1CAF002124B1 /* viewFinderUITests.xctest */,
			);
			name = Products;
			sourceTree = "<group>";
		};
		184CAF9222DE1CAE002124B1 /* viewFinder */ = {
			isa = PBXGroup;
			children = (
				184CAF9322DE1CAE002124B1 /* AppDelegate.swift */,
				184CAF9522DE1CAE002124B1 /* ViewController.swift */,
				184CAF9722DE1CAE002124B1 /* Main.storyboard */,
				184CAF9D22DE1CAF002124B1 /* Assets.xcassets */,
				184CAF9F22DE1CAF002124B1 /* LaunchScreen.storyboard */,
				184CAFA222DE1CAF002124B1 /* Info.plist */,
				184CAF9A22DE1CAE002124B1 /* viewFinder.xcdatamodeld */,
			);
			path = viewFinder;
			sourceTree = "<group>";
		};
		184CAFAA22DE1CAF002124B1 /* viewFinderTests */ = {
			isa = PBXGroup;
			children = (
				184CAFAB22DE1CAF002124B1 /* viewFinderTests.swift */,
				184CAFAD22DE1CAF002124B1 /* Info.plist */,
			);
			path = viewFinderTests;
			sourceTree = "<group>";
		};
		184CAFB522DE1CAF002124B1 /* viewFinderUITests */ = {
			isa = PBXGroup;
			children = (
				184CAFB622DE1CAF002124B1 /* viewFinderUITests.swift */,
				184CAFB822DE1CAF002124B1 /* Info.plist */,
			);
			path = viewFinderUITests;
			sourceTree = "<group>";
		};
/* End PBXGroup section */

/* Begin PBXNativeTarget section */
		184CAF8F22DE1CAE002124B1 /* viewFinder */ = {
			isa = PBXNativeTarget;
			buildConfigurationList = 184CAFBB22DE1CAF002124B1 /* Build configuration list for PBXNativeTarget "viewFinder" */;
			buildPhases = (
				184CAF8C22DE1CAE002124B1 /* Sources */,
				184CAF8D22DE1CAE002124B1 /* Frameworks */,
				184CAF8E22DE1CAE002124B1 /* Resources */,
			);
			buildRules = (
			);
			dependencies = (
			);
			name = viewFinder;
			productName = viewFinder;
			productReference = 184CAF9022DE1CAE002124B1 /* viewFinder.app */;
			productType = "com.apple.product-type.application";
		};
		184CAFA622DE1CAF002124B1 /* viewFinderTests */ = {
			isa = PBXNativeTarget;
			buildConfigurationList = 184CAFBE22DE1CAF002124B1 /* Build configuration list for PBXNativeTarget "viewFinderTests" */;
			buildPhases = (
				184CAFA322DE1CAF002124B1 /* Sources */,
				184CAFA422DE1CAF002124B1 /* Frameworks */,
				184CAFA522DE1CAF002124B1 /* Resources */,
			);
			buildRules = (
			);
			dependencies = (
				184CAFA922DE1CAF002124B1 /* PBXTargetDependency */,
			);
			name = viewFinderTests;
			productName = viewFinderTests;
			productReference = 184CAFA722DE1CAF002124B1 /* viewFinderTests.xctest */;
			productType = "com.apple.product-type.bundle.unit-test";
		};
		184CAFB122DE1CAF002124B1 /* viewFinderUITests */ = {
			isa = PBXNativeTarget;
			buildConfigurationList = 184CAFC122DE1CAF002124B1 /* Build configuration list for PBXNativeTarget "viewFinderUITests" */;
			buildPhases = (
				184CAFAE22DE1CAF002124B1 /* Sources */,
				184CAFAF22DE1CAF002124B1 /* Frameworks */,
				184CAFB022DE1CAF002124B1 /* Resources */,
			);
			buildRules = (
			);
			dependencies = (
				184CAFB422DE1CAF002124B1 /* PBXTargetDependency */,
			);
			name = viewFinderUITests;
			productName = viewFinderUITests;
			productReference = 184CAFB222DE1CAF002124B1 /* viewFinderUITests.xctest */;
			productType = "com.apple.product-type.bundle.ui-testing";
		};
/* End PBXNativeTarget section */

/* Begin PBXProject section */
		184CAF8822DE1CAE002124B1 /* Project object */ = {
			isa = PBXProject;
			attributes = {
				LastSwiftUpdateCheck = 1020;
				LastUpgradeCheck = 1020;
				ORGANIZATIONNAME = "Kode with Klossy";
				TargetAttributes = {
					184CAF8F22DE1CAE002124B1 = {
						CreatedOnToolsVersion = 10.2.1;
					};
					184CAFA622DE1CAF002124B1 = {
						CreatedOnToolsVersion = 10.2.1;
						TestTargetID = 184CAF8F22DE1CAE002124B1;
					};
					184CAFB122DE1CAF002124B1 = {
						CreatedOnToolsVersion = 10.2.1;
						TestTargetID = 184CAF8F22DE1CAE002124B1;
					};
				};
			};
			buildConfigurationList = 184CAF8B22DE1CAE002124B1 /* Build configuration list for PBXProject "viewFinder" */;
			compatibilityVersion = "Xcode 9.3";
			developmentRegion = en;
			hasScannedForEncodings = 0;
			knownRegions = (
				en,
				Base,
			);
			mainGroup = 184CAF8722DE1CAE002124B1;
			productRefGroup = 184CAF9122DE1CAE002124B1 /* Products */;
			projectDirPath = "";
			projectRoot = "";
			targets = (
				184CAF8F22DE1CAE002124B1 /* viewFinder */,
				184CAFA622DE1CAF002124B1 /* viewFinderTests */,
				184CAFB122DE1CAF002124B1 /* viewFinderUITests */,
			);
		};
/* End PBXProject section */

/* Begin PBXResourcesBuildPhase section */
		184CAF8E22DE1CAE002124B1 /* Resources */ = {
			isa = PBXResourcesBuildPhase;
			buildActionMask = 2147483647;
			files = (
				184CAFA122DE1CAF002124B1 /* LaunchScreen.storyboard in Resources */,
				184CAF9E22DE1CAF002124B1 /* Assets.xcassets in Resources */,
				184CAF9922DE1CAE002124B1 /* Main.storyboard in Resources */,
			);
			runOnlyForDeploymentPostprocessing = 0;
		};
		184CAFA522DE1CAF002124B1 /* Resources */ = {
			isa = PBXResourcesBuildPhase;
			buildActionMask = 2147483647;
			files = (
			);
			runOnlyForDeploymentPostprocessing = 0;
		};
		184CAFB022DE1CAF002124B1 /* Resources */ = {
			isa = PBXResourcesBuildPhase;
			buildActionMask = 2147483647;
			files = (
			);
			runOnlyForDeploymentPostprocessing = 0;
		};
/* End PBXResourcesBuildPhase section */

/* Begin PBXSourcesBuildPhase section */
		184CAF8C22DE1CAE002124B1 /* Sources */ = {
			isa = PBXSourcesBuildPhase;
			buildActionMask = 2147483647;
			files = (
				184CAF9622DE1CAE002124B1 /* ViewController.swift in Sources */,
				184CAF9C22DE1CAE002124B1 /* viewFinder.xcdatamodeld in Sources */,
				184CAF9422DE1CAE002124B1 /* AppDelegate.swift in Sources */,
			);
			runOnlyForDeploymentPostprocessing = 0;
		};
		184CAFA322DE1CAF002124B1 /* Sources */ = {
			isa = PBXSourcesBuildPhase;
			buildActionMask = 2147483647;
			files = (
				184CAFAC22DE1CAF002124B1 /* viewFinderTests.swift in Sources */,
			);
			runOnlyForDeploymentPostprocessing = 0;
		};
		184CAFAE22DE1CAF002124B1 /* Sources */ = {
			isa = PBXSourcesBuildPhase;
			buildActionMask = 2147483647;
			files = (
				184CAFB722DE1CAF002124B1 /* viewFinderUITests.swift in Sources */,
			);
			runOnlyForDeploymentPostprocessing = 0;
		};
/* End PBXSourcesBuildPhase section */

/* Begin PBXTargetDependency section */
		184CAFA922DE1CAF002124B1 /* PBXTargetDependency */ = {
			isa = PBXTargetDependency;
			target = 184CAF8F22DE1CAE002124B1 /* viewFinder */;
			targetProxy = 184CAFA822DE1CAF002124B1 /* PBXContainerItemProxy */;
		};
		184CAFB422DE1CAF002124B1 /* PBXTargetDependency */ = {
			isa = PBXTargetDependency;
			target = 184CAF8F22DE1CAE002124B1 /* viewFinder */;
			targetProxy = 184CAFB322DE1CAF002124B1 /* PBXContainerItemProxy */;
		};
/* End PBXTargetDependency section */

/* Begin PBXVariantGroup section */
		184CAF9722DE1CAE002124B1 /* Main.storyboard */ = {
			isa = PBXVariantGroup;
			children = (
				184CAF9822DE1CAE002124B1 /* Base */,
			);
			name = Main.storyboard;
			sourceTree = "<group>";
		};
		184CAF9F22DE1CAF002124B1 /* LaunchScreen.storyboard */ = {
			isa = PBXVariantGroup;
			children = (
				184CAFA022DE1CAF002124B1 /* Base */,
			);
			name = LaunchScreen.storyboard;
			sourceTree = "<group>";
		};
/* End PBXVariantGroup section */

/* Begin XCBuildConfiguration section */
		184CAFB922DE1CAF002124B1 /* Debug */ = {
			isa = XCBuildConfiguration;
			buildSettings = {
				ALWAYS_SEARCH_USER_PATHS = NO;
				CLANG_ANALYZER_NONNULL = YES;
				CLANG_ANALYZER_NUMBER_OBJECT_CONVERSION = YES_AGGRESSIVE;
				CLANG_CXX_LANGUAGE_STANDARD = "gnu++14";
				CLANG_CXX_LIBRARY = "libc++";
				CLANG_ENABLE_MODULES = YES;
				CLANG_ENABLE_OBJC_ARC = YES;
				CLANG_ENABLE_OBJC_WEAK = YES;
				CLANG_WARN_BLOCK_CAPTURE_AUTORELEASING = YES;
				CLANG_WARN_BOOL_CONVERSION = YES;
				CLANG_WARN_COMMA = YES;
				CLANG_WARN_CONSTANT_CONVERSION = YES;
				CLANG_WARN_DEPRECATED_OBJC_IMPLEMENTATIONS = YES;
				CLANG_WARN_DIRECT_OBJC_ISA_USAGE = YES_ERROR;
				CLANG_WARN_DOCUMENTATION_COMMENTS = YES;
				CLANG_WARN_EMPTY_BODY = YES;
				CLANG_WARN_ENUM_CONVERSION = YES;
				CLANG_WARN_INFINITE_RECURSION = YES;
				CLANG_WARN_INT_CONVERSION = YES;
				CLANG_WARN_NON_LITERAL_NULL_CONVERSION = YES;
				CLANG_WARN_OBJC_IMPLICIT_RETAIN_SELF = YES;
				CLANG_WARN_OBJC_LITERAL_CONVERSION = YES;
				CLANG_WARN_OBJC_ROOT_CLASS = YES_ERROR;
				CLANG_WARN_RANGE_LOOP_ANALYSIS = YES;
				CLANG_WARN_STRICT_PROTOTYPES = YES;
				CLANG_WARN_SUSPICIOUS_MOVE = YES;
				CLANG_WARN_UNGUARDED_AVAILABILITY = YES_AGGRESSIVE;
				CLANG_WARN_UNREACHABLE_CODE = YES;
				CLANG_WARN__DUPLICATE_METHOD_MATCH = YES;
				CODE_SIGN_IDENTITY = "iPhone Developer";
				COPY_PHASE_STRIP = NO;
				DEBUG_INFORMATION_FORMAT = dwarf;
				ENABLE_STRICT_OBJC_MSGSEND = YES;
				ENABLE_TESTABILITY = YES;
				GCC_C_LANGUAGE_STANDARD = gnu11;
				GCC_DYNAMIC_NO_PIC = NO;
				GCC_NO_COMMON_BLOCKS = YES;
				GCC_OPTIMIZATION_LEVEL = 0;
				GCC_PREPROCESSOR_DEFINITIONS = (
					"DEBUG=1",
					"$(inherited)",
				);
				GCC_WARN_64_TO_32_BIT_CONVERSION = YES;
				GCC_WARN_ABOUT_RETURN_TYPE = YES_ERROR;
				GCC_WARN_UNDECLARED_SELECTOR = YES;
				GCC_WARN_UNINITIALIZED_AUTOS = YES_AGGRESSIVE;
				GCC_WARN_UNUSED_FUNCTION = YES;
				GCC_WARN_UNUSED_VARIABLE = YES;
				IPHONEOS_DEPLOYMENT_TARGET = 12.2;
				MTL_ENABLE_DEBUG_INFO = INCLUDE_SOURCE;
				MTL_FAST_MATH = YES;
				ONLY_ACTIVE_ARCH = YES;
				SDKROOT = iphoneos;
				SWIFT_ACTIVE_COMPILATION_CONDITIONS = DEBUG;
				SWIFT_OPTIMIZATION_LEVEL = "-Onone";
			};
			name = Debug;
		};
		184CAFBA22DE1CAF002124B1 /* Release */ = {
			isa = XCBuildConfiguration;
			buildSettings = {
				ALWAYS_SEARCH_USER_PATHS = NO;
				CLANG_ANALYZER_NONNULL = YES;
				CLANG_ANALYZER_NUMBER_OBJECT_CONVERSION = YES_AGGRESSIVE;
				CLANG_CXX_LANGUAGE_STANDARD = "gnu++14";
				CLANG_CXX_LIBRARY = "libc++";
				CLANG_ENABLE_MODULES = YES;
				CLANG_ENABLE_OBJC_ARC = YES;
				CLANG_ENABLE_OBJC_WEAK = YES;
				CLANG_WARN_BLOCK_CAPTURE_AUTORELEASING = YES;
				CLANG_WARN_BOOL_CONVERSION = YES;
				CLANG_WARN_COMMA = YES;
				CLANG_WARN_CONSTANT_CONVERSION = YES;
				CLANG_WARN_DEPRECATED_OBJC_IMPLEMENTATIONS = YES;
				CLANG_WARN_DIRECT_OBJC_ISA_USAGE = YES_ERROR;
				CLANG_WARN_DOCUMENTATION_COMMENTS = YES;
				CLANG_WARN_EMPTY_BODY = YES;
				CLANG_WARN_ENUM_CONVERSION = YES;
				CLANG_WARN_INFINITE_RECURSION = YES;
				CLANG_WARN_INT_CONVERSION = YES;
				CLANG_WARN_NON_LITERAL_NULL_CONVERSION = YES;
				CLANG_WARN_OBJC_IMPLICIT_RETAIN_SELF = YES;
				CLANG_WARN_OBJC_LITERAL_CONVERSION = YES;
				CLANG_WARN_OBJC_ROOT_CLASS = YES_ERROR;
				CLANG_WARN_RANGE_LOOP_ANALYSIS = YES;
				CLANG_WARN_STRICT_PROTOTYPES = YES;
				CLANG_WARN_SUSPICIOUS_MOVE = YES;
				CLANG_WARN_UNGUARDED_AVAILABILITY = YES_AGGRESSIVE;
				CLANG_WARN_UNREACHABLE_CODE = YES;
				CLANG_WARN__DUPLICATE_METHOD_MATCH = YES;
				CODE_SIGN_IDENTITY = "iPhone Developer";
				COPY_PHASE_STRIP = NO;
				DEBUG_INFORMATION_FORMAT = "dwarf-with-dsym";
				ENABLE_NS_ASSERTIONS = NO;
				ENABLE_STRICT_OBJC_MSGSEND = YES;
				GCC_C_LANGUAGE_STANDARD = gnu11;
				GCC_NO_COMMON_BLOCKS = YES;
				GCC_WARN_64_TO_32_BIT_CONVERSION = YES;
				GCC_WARN_ABOUT_RETURN_TYPE = YES_ERROR;
				GCC_WARN_UNDECLARED_SELECTOR = YES;
				GCC_WARN_UNINITIALIZED_AUTOS = YES_AGGRESSIVE;
				GCC_WARN_UNUSED_FUNCTION = YES;
				GCC_WARN_UNUSED_VARIABLE = YES;
				IPHONEOS_DEPLOYMENT_TARGET = 12.2;
				MTL_ENABLE_DEBUG_INFO = NO;
				MTL_FAST_MATH = YES;
				SDKROOT = iphoneos;
				SWIFT_COMPILATION_MODE = wholemodule;
				SWIFT_OPTIMIZATION_LEVEL = "-O";
				VALIDATE_PRODUCT = YES;
			};
			name = Release;
		};
		184CAFBC22DE1CAF002124B1 /* Debug */ = {
			isa = XCBuildConfiguration;
			buildSettings = {
				ASSETCATALOG_COMPILER_APPICON_NAME = AppIcon;
				CODE_SIGN_STYLE = Automatic;
				DEVELOPMENT_TEAM = KHP7R522MF;
				INFOPLIST_FILE = viewFinder/Info.plist;
				LD_RUNPATH_SEARCH_PATHS = (
					"$(inherited)",
					"@executable_path/Frameworks",
				);
				PRODUCT_BUNDLE_IDENTIFIER = KWK.viewFinder;
				PRODUCT_NAME = "$(TARGET_NAME)";
				SWIFT_VERSION = 5.0;
				TARGETED_DEVICE_FAMILY = "1,2";
			};
			name = Debug;
		};
		184CAFBD22DE1CAF002124B1 /* Release */ = {
			isa = XCBuildConfiguration;
			buildSettings = {
				ASSETCATALOG_COMPILER_APPICON_NAME = AppIcon;
				CODE_SIGN_STYLE = Automatic;
				DEVELOPMENT_TEAM = KHP7R522MF;
				INFOPLIST_FILE = viewFinder/Info.plist;
				LD_RUNPATH_SEARCH_PATHS = (
					"$(inherited)",
					"@executable_path/Frameworks",
				);
				PRODUCT_BUNDLE_IDENTIFIER = KWK.viewFinder;
				PRODUCT_NAME = "$(TARGET_NAME)";
				SWIFT_VERSION = 5.0;
				TARGETED_DEVICE_FAMILY = "1,2";
			};
			name = Release;
		};
		184CAFBF22DE1CAF002124B1 /* Debug */ = {
			isa = XCBuildConfiguration;
			buildSettings = {
				ALWAYS_EMBED_SWIFT_STANDARD_LIBRARIES = YES;
				BUNDLE_LOADER = "$(TEST_HOST)";
				CODE_SIGN_STYLE = Automatic;
				DEVELOPMENT_TEAM = KHP7R522MF;
				INFOPLIST_FILE = viewFinderTests/Info.plist;
				LD_RUNPATH_SEARCH_PATHS = (
					"$(inherited)",
					"@executable_path/Frameworks",
					"@loader_path/Frameworks",
				);
				PRODUCT_BUNDLE_IDENTIFIER = KWK.viewFinderTests;
				PRODUCT_NAME = "$(TARGET_NAME)";
				SWIFT_VERSION = 5.0;
				TARGETED_DEVICE_FAMILY = "1,2";
				TEST_HOST = "$(BUILT_PRODUCTS_DIR)/viewFinder.app/viewFinder";
			};
			name = Debug;
		};
		184CAFC022DE1CAF002124B1 /* Release */ = {
			isa = XCBuildConfiguration;
			buildSettings = {
				ALWAYS_EMBED_SWIFT_STANDARD_LIBRARIES = YES;
				BUNDLE_LOADER = "$(TEST_HOST)";
				CODE_SIGN_STYLE = Automatic;
				DEVELOPMENT_TEAM = KHP7R522MF;
				INFOPLIST_FILE = viewFinderTests/Info.plist;
				LD_RUNPATH_SEARCH_PATHS = (
					"$(inherited)",
					"@executable_path/Frameworks",
					"@loader_path/Frameworks",
				);
				PRODUCT_BUNDLE_IDENTIFIER = KWK.viewFinderTests;
				PRODUCT_NAME = "$(TARGET_NAME)";
				SWIFT_VERSION = 5.0;
				TARGETED_DEVICE_FAMILY = "1,2";
				TEST_HOST = "$(BUILT_PRODUCTS_DIR)/viewFinder.app/viewFinder";
			};
			name = Release;
		};
		184CAFC222DE1CAF002124B1 /* Debug */ = {
			isa = XCBuildConfiguration;
			buildSettings = {
				ALWAYS_EMBED_SWIFT_STANDARD_LIBRARIES = YES;
				CODE_SIGN_STYLE = Automatic;
				DEVELOPMENT_TEAM = KHP7R522MF;
				INFOPLIST_FILE = viewFinderUITests/Info.plist;
				LD_RUNPATH_SEARCH_PATHS = (
					"$(inherited)",
					"@executable_path/Frameworks",
					"@loader_path/Frameworks",
				);
				PRODUCT_BUNDLE_IDENTIFIER = KWK.viewFinderUITests;
				PRODUCT_NAME = "$(TARGET_NAME)";
				SWIFT_VERSION = 5.0;
				TARGETED_DEVICE_FAMILY = "1,2";
				TEST_TARGET_NAME = viewFinder;
			};
			name = Debug;
		};
		184CAFC322DE1CAF002124B1 /* Release */ = {
			isa = XCBuildConfiguration;
			buildSettings = {
				ALWAYS_EMBED_SWIFT_STANDARD_LIBRARIES = YES;
				CODE_SIGN_STYLE = Automatic;
				DEVELOPMENT_TEAM = KHP7R522MF;
				INFOPLIST_FILE = viewFinderUITests/Info.plist;
				LD_RUNPATH_SEARCH_PATHS = (
					"$(inherited)",
					"@executable_path/Frameworks",
					"@loader_path/Frameworks",
				);
				PRODUCT_BUNDLE_IDENTIFIER = KWK.viewFinderUITests;
				PRODUCT_NAME = "$(TARGET_NAME)";
				SWIFT_VERSION = 5.0;
				TARGETED_DEVICE_FAMILY = "1,2";
				TEST_TARGET_NAME = viewFinder;
			};
			name = Release;
		};
/* End XCBuildConfiguration section */

/* Begin XCConfigurationList section */
		184CAF8B22DE1CAE002124B1 /* Build configuration list for PBXProject "viewFinder" */ = {
			isa = XCConfigurationList;
			buildConfigurations = (
				184CAFB922DE1CAF002124B1 /* Debug */,
				184CAFBA22DE1CAF002124B1 /* Release */,
			);
			defaultConfigurationIsVisible = 0;
			defaultConfigurationName = Release;
		};
		184CAFBB22DE1CAF002124B1 /* Build configuration list for PBXNativeTarget "viewFinder" */ = {
			isa = XCConfigurationList;
			buildConfigurations = (
				184CAFBC22DE1CAF002124B1 /* Debug */,
				184CAFBD22DE1CAF002124B1 /* Release */,
			);
			defaultConfigurationIsVisible = 0;
			defaultConfigurationName = Release;
		};
		184CAFBE22DE1CAF002124B1 /* Build configuration list for PBXNativeTarget "viewFinderTests" */ = {
			isa = XCConfigurationList;
			buildConfigurations = (
				184CAFBF22DE1CAF002124B1 /* Debug */,
				184CAFC022DE1CAF002124B1 /* Release */,
			);
			defaultConfigurationIsVisible = 0;
			defaultConfigurationName = Release;
		};
		184CAFC122DE1CAF002124B1 /* Build configuration list for PBXNativeTarget "viewFinderUITests" */ = {
			isa = XCConfigurationList;
			buildConfigurations = (
				184CAFC222DE1CAF002124B1 /* Debug */,
				184CAFC322DE1CAF002124B1 /* Release */,
			);
			defaultConfigurationIsVisible = 0;
			defaultConfigurationName = Release;
		};
/* End XCConfigurationList section */

/* Begin XCVersionGroup section */
		184CAF9A22DE1CAE002124B1 /* viewFinder.xcdatamodeld */ = {
			isa = XCVersionGroup;
			children = (
				184CAF9B22DE1CAE002124B1 /* viewFinder.xcdatamodel */,
			);
			currentVersion = 184CAF9B22DE1CAE002124B1 /* viewFinder.xcdatamodel */;
			path = viewFinder.xcdatamodeld;
			sourceTree = "<group>";
			versionGroupType = wrapper.xcdatamodel;
		};
/* End XCVersionGroup section */
	};
	rootObject = 184CAF8822DE1CAE002124B1 /* Project object */;
}
